
Microsoft Visual Studio Solution File, Format Version 12.00
# Visual Studio Version 16
VisualStudioVersion = 16.0.32510.428
MinimumVisualStudioVersion = 10.0.40219.1
Project("{2150E333-8FDC-42A3-9474-1A3956D46DE8}") = "Common", "Common", "{780F2F87-9C99-409C-BF44-4C11F88A586E}"
EndProject
Project("{2150E333-8FDC-42A3-9474-1A3956D46DE8}") = "Backend", "Backend", "{BCAE3FFF-1434-416F-9ADB-8AFD75886529}"
EndProject
Project("{9A19103F-16F7-4668-BE54-9A1E7A4F7556}") = "Common.Core", "Backend\Common.Core\Common.Core.csproj", "{B384EBEC-63FF-48F8-933C-86093B8AE2D8}"
EndProject
Project("{2150E333-8FDC-42A3-9474-1A3956D46DE8}") = "Infrastructure", "Infrastructure", "{8A5E3C18-8618-467E-90AF-34FED769E54A}"
EndProject
Project("{2150E333-8FDC-42A3-9474-1A3956D46DE8}") = "Application", "Application", "{24A91D4F-6352-4604-BEA2-D78B75817AFC}"
EndProject
Project("{9A19103F-16F7-4668-BE54-9A1E7A4F7556}") = "Application", "Backend\Application\Application.csproj", "{92195D0B-861F-4D56-99A6-489EC89CA3CB}"
EndProject
Project("{2150E333-8FDC-42A3-9474-1A3956D46DE8}") = "WebApi", "WebApi", "{8C329748-788B-4BAB-88EB-EEF9141AEAA7}"
EndProject
Project("{9A19103F-16F7-4668-BE54-9A1E7A4F7556}") = "WebApi", "Backend\WebApi\WebApi.csproj", "{0A36E964-474A-48FF-B43A-DFA7CA763BA4}"
EndProject
Project("{9A19103F-16F7-4668-BE54-9A1E7A4F7556}") = "Common", "Backend\Common\Common.csproj", "{C5F988A3-4AE1-47C3-815F-516185CB53CB}"
EndProject
Project("{9A19103F-16F7-4668-BE54-9A1E7A4F7556}") = "Infrastructure", "Backend\Infrastructure\Infrastructure.csproj", "{4CBF41CC-CEA9-4B78-B332-610AC988D1FC}"
EndProject
Global
	GlobalSection(SolutionConfigurationPlatforms) = preSolution
		Debug|Any CPU = Debug|Any CPU
		Release|Any CPU = Release|Any CPU
	EndGlobalSection
	GlobalSection(ProjectConfigurationPlatforms) = postSolution
		{B384EBEC-63FF-48F8-933C-86093B8AE2D8}.Debug|Any CPU.ActiveCfg = Debug|Any CPU
		{B384EBEC-63FF-48F8-933C-86093B8AE2D8}.Debug|Any CPU.Build.0 = Debug|Any CPU
		{B384EBEC-63FF-48F8-933C-86093B8AE2D8}.Release|Any CPU.ActiveCfg = Release|Any CPU
		{B384EBEC-63FF-48F8-933C-86093B8AE2D8}.Release|Any CPU.Build.0 = Release|Any CPU
		{92195D0B-861F-4D56-99A6-489EC89CA3CB}.Debug|Any CPU.ActiveCfg = Debug|Any CPU
		{92195D0B-861F-4D56-99A6-489EC89CA3CB}.Debug|Any CPU.Build.0 = Debug|Any CPU
		{92195D0B-861F-4D56-99A6-489EC89CA3CB}.Release|Any CPU.ActiveCfg = Release|Any CPU
		{92195D0B-861F-4D56-99A6-489EC89CA3CB}.Release|Any CPU.Build.0 = Release|Any CPU
		{0A36E964-474A-48FF-B43A-DFA7CA763BA4}.Debug|Any CPU.ActiveCfg = Debug|Any CPU
		{0A36E964-474A-48FF-B43A-DFA7CA763BA4}.Debug|Any CPU.Build.0 = Debug|Any CPU
		{0A36E964-474A-48FF-B43A-DFA7CA763BA4}.Release|Any CPU.ActiveCfg = Release|Any CPU
		{0A36E964-474A-48FF-B43A-DFA7CA763BA4}.Release|Any CPU.Build.0 = Release|Any CPU
		{C5F988A3-4AE1-47C3-815F-516185CB53CB}.Debug|Any CPU.ActiveCfg = Debug|Any CPU
		{C5F988A3-4AE1-47C3-815F-516185CB53CB}.Debug|Any CPU.Build.0 = Debug|Any CPU
		{C5F988A3-4AE1-47C3-815F-516185CB53CB}.Release|Any CPU.ActiveCfg = Release|Any CPU
		{C5F988A3-4AE1-47C3-815F-516185CB53CB}.Release|Any CPU.Build.0 = Release|Any CPU
		{4CBF41CC-CEA9-4B78-B332-610AC988D1FC}.Debug|Any CPU.ActiveCfg = Debug|Any CPU
		{4CBF41CC-CEA9-4B78-B332-610AC988D1FC}.Debug|Any CPU.Build.0 = Debug|Any CPU
		{4CBF41CC-CEA9-4B78-B332-610AC988D1FC}.Release|Any CPU.ActiveCfg = Release|Any CPU
		{4CBF41CC-CEA9-4B78-B332-610AC988D1FC}.Release|Any CPU.Build.0 = Release|Any CPU
	EndGlobalSection
	GlobalSection(SolutionProperties) = preSolution
		HideSolutionNode = FALSE
	EndGlobalSection
	GlobalSection(NestedProjects) = preSolution
		{780F2F87-9C99-409C-BF44-4C11F88A586E} = {BCAE3FFF-1434-416F-9ADB-8AFD75886529}
		{B384EBEC-63FF-48F8-933C-86093B8AE2D8} = {780F2F87-9C99-409C-BF44-4C11F88A586E}
		{8A5E3C18-8618-467E-90AF-34FED769E54A} = {BCAE3FFF-1434-416F-9ADB-8AFD75886529}
		{24A91D4F-6352-4604-BEA2-D78B75817AFC} = {BCAE3FFF-1434-416F-9ADB-8AFD75886529}
		{92195D0B-861F-4D56-99A6-489EC89CA3CB} = {24A91D4F-6352-4604-BEA2-D78B75817AFC}
		{8C329748-788B-4BAB-88EB-EEF9141AEAA7} = {BCAE3FFF-1434-416F-9ADB-8AFD75886529}
		{0A36E964-474A-48FF-B43A-DFA7CA763BA4} = {8C329748-788B-4BAB-88EB-EEF9141AEAA7}
		{C5F988A3-4AE1-47C3-815F-516185CB53CB} = {780F2F87-9C99-409C-BF44-4C11F88A586E}
		{4CBF41CC-CEA9-4B78-B332-610AC988D1FC} = {8A5E3C18-8618-467E-90AF-34FED769E54A}
	EndGlobalSection
	GlobalSection(ExtensibilityGlobals) = postSolution
		SolutionGuid = {40622926-2034-41D8-9C8B-A3F6442B19EE}
	EndGlobalSection
EndGlobal
